
Microsoft Visual Studio Solution File, Format Version 12.00
<<<<<<< HEAD
<<<<<<< HEAD
<<<<<<< HEAD
# Visual Studio 15
VisualStudioVersion = 15.0.27703.2042
MinimumVisualStudioVersion = 10.0.40219.1
Project("{FAE04EC0-301F-11D3-BF4B-00C04F79EFBC}") = "BopiSoft", "BopiSoft\BopiSoft.csproj", "{7AA00AD1-9423-4332-A643-FE2E06E0B2C8}"
EndProject
=======
=======
>>>>>>> 48fe993... Commit 7: Registrar alumnos
=======
>>>>>>> 90e77cf... Commit #8: Registro de calificaciones y evidencias
# Visual Studio Version 16
VisualStudioVersion = 16.0.29709.97
MinimumVisualStudioVersion = 10.0.40219.1
Project("{FAE04EC0-301F-11D3-BF4B-00C04F79EFBC}") = "BopiSoft", "BopiSoft\BopiSoft.csproj", "{7AA00AD1-9423-4332-A643-FE2E06E0B2C8}"
EndProject
Project("{FAE04EC0-301F-11D3-BF4B-00C04F79EFBC}") = "PruebaValidarSesion", "UnitTestProject1\PruebaValidarSesion.csproj", "{4307AB6E-7665-4417-B621-8455D1659A81}"
EndProject
Project("{FAE04EC0-301F-11D3-BF4B-00C04F79EFBC}") = "PruebaCarrera", "Prueba2\PruebaCarrera.csproj", "{27C6AB0A-4BC9-4A0E-8E96-0665D9A6148E}"
EndProject
Project("{FAE04EC0-301F-11D3-BF4B-00C04F79EFBC}") = "PruebaDepaVacio", "PruebaDepaVacio\PruebaDepaVacio.csproj", "{457DC96E-30DE-45AA-BA48-4A71A93BCF2A}"
EndProject
<<<<<<< HEAD
<<<<<<< HEAD
>>>>>>> 01c80df... 6to Commit: Login creado
=======
>>>>>>> 48fe993... Commit 7: Registrar alumnos
=======
>>>>>>> 90e77cf... Commit #8: Registro de calificaciones y evidencias
Global
	GlobalSection(SolutionConfigurationPlatforms) = preSolution
		Debug|Any CPU = Debug|Any CPU
		Debug|ARM = Debug|ARM
		Debug|x64 = Debug|x64
		Debug|x86 = Debug|x86
		Release|Any CPU = Release|Any CPU
		Release|ARM = Release|ARM
		Release|x64 = Release|x64
		Release|x86 = Release|x86
	EndGlobalSection
	GlobalSection(ProjectConfigurationPlatforms) = postSolution
		{7AA00AD1-9423-4332-A643-FE2E06E0B2C8}.Debug|Any CPU.ActiveCfg = Debug|Any CPU
		{7AA00AD1-9423-4332-A643-FE2E06E0B2C8}.Debug|Any CPU.Build.0 = Debug|Any CPU
		{7AA00AD1-9423-4332-A643-FE2E06E0B2C8}.Debug|ARM.ActiveCfg = Debug|Any CPU
		{7AA00AD1-9423-4332-A643-FE2E06E0B2C8}.Debug|ARM.Build.0 = Debug|Any CPU
		{7AA00AD1-9423-4332-A643-FE2E06E0B2C8}.Debug|x64.ActiveCfg = Debug|Any CPU
		{7AA00AD1-9423-4332-A643-FE2E06E0B2C8}.Debug|x64.Build.0 = Debug|Any CPU
		{7AA00AD1-9423-4332-A643-FE2E06E0B2C8}.Debug|x86.ActiveCfg = Debug|Any CPU
		{7AA00AD1-9423-4332-A643-FE2E06E0B2C8}.Debug|x86.Build.0 = Debug|Any CPU
		{7AA00AD1-9423-4332-A643-FE2E06E0B2C8}.Release|Any CPU.ActiveCfg = Release|Any CPU
		{7AA00AD1-9423-4332-A643-FE2E06E0B2C8}.Release|Any CPU.Build.0 = Release|Any CPU
		{7AA00AD1-9423-4332-A643-FE2E06E0B2C8}.Release|ARM.ActiveCfg = Release|Any CPU
		{7AA00AD1-9423-4332-A643-FE2E06E0B2C8}.Release|ARM.Build.0 = Release|Any CPU
		{7AA00AD1-9423-4332-A643-FE2E06E0B2C8}.Release|x64.ActiveCfg = Release|Any CPU
		{7AA00AD1-9423-4332-A643-FE2E06E0B2C8}.Release|x64.Build.0 = Release|Any CPU
		{7AA00AD1-9423-4332-A643-FE2E06E0B2C8}.Release|x86.ActiveCfg = Release|Any CPU
		{7AA00AD1-9423-4332-A643-FE2E06E0B2C8}.Release|x86.Build.0 = Release|Any CPU
<<<<<<< HEAD
<<<<<<< HEAD
<<<<<<< HEAD
=======
=======
>>>>>>> 48fe993... Commit 7: Registrar alumnos
=======
>>>>>>> 90e77cf... Commit #8: Registro de calificaciones y evidencias
		{4307AB6E-7665-4417-B621-8455D1659A81}.Debug|Any CPU.ActiveCfg = Debug|Any CPU
		{4307AB6E-7665-4417-B621-8455D1659A81}.Debug|Any CPU.Build.0 = Debug|Any CPU
		{4307AB6E-7665-4417-B621-8455D1659A81}.Debug|ARM.ActiveCfg = Debug|Any CPU
		{4307AB6E-7665-4417-B621-8455D1659A81}.Debug|ARM.Build.0 = Debug|Any CPU
		{4307AB6E-7665-4417-B621-8455D1659A81}.Debug|x64.ActiveCfg = Debug|Any CPU
		{4307AB6E-7665-4417-B621-8455D1659A81}.Debug|x64.Build.0 = Debug|Any CPU
		{4307AB6E-7665-4417-B621-8455D1659A81}.Debug|x86.ActiveCfg = Debug|Any CPU
		{4307AB6E-7665-4417-B621-8455D1659A81}.Debug|x86.Build.0 = Debug|Any CPU
		{4307AB6E-7665-4417-B621-8455D1659A81}.Release|Any CPU.ActiveCfg = Release|Any CPU
		{4307AB6E-7665-4417-B621-8455D1659A81}.Release|Any CPU.Build.0 = Release|Any CPU
		{4307AB6E-7665-4417-B621-8455D1659A81}.Release|ARM.ActiveCfg = Release|Any CPU
		{4307AB6E-7665-4417-B621-8455D1659A81}.Release|ARM.Build.0 = Release|Any CPU
		{4307AB6E-7665-4417-B621-8455D1659A81}.Release|x64.ActiveCfg = Release|Any CPU
		{4307AB6E-7665-4417-B621-8455D1659A81}.Release|x64.Build.0 = Release|Any CPU
		{4307AB6E-7665-4417-B621-8455D1659A81}.Release|x86.ActiveCfg = Release|Any CPU
		{4307AB6E-7665-4417-B621-8455D1659A81}.Release|x86.Build.0 = Release|Any CPU
		{27C6AB0A-4BC9-4A0E-8E96-0665D9A6148E}.Debug|Any CPU.ActiveCfg = Debug|Any CPU
		{27C6AB0A-4BC9-4A0E-8E96-0665D9A6148E}.Debug|Any CPU.Build.0 = Debug|Any CPU
		{27C6AB0A-4BC9-4A0E-8E96-0665D9A6148E}.Debug|ARM.ActiveCfg = Debug|Any CPU
		{27C6AB0A-4BC9-4A0E-8E96-0665D9A6148E}.Debug|ARM.Build.0 = Debug|Any CPU
		{27C6AB0A-4BC9-4A0E-8E96-0665D9A6148E}.Debug|x64.ActiveCfg = Debug|Any CPU
		{27C6AB0A-4BC9-4A0E-8E96-0665D9A6148E}.Debug|x64.Build.0 = Debug|Any CPU
		{27C6AB0A-4BC9-4A0E-8E96-0665D9A6148E}.Debug|x86.ActiveCfg = Debug|Any CPU
		{27C6AB0A-4BC9-4A0E-8E96-0665D9A6148E}.Debug|x86.Build.0 = Debug|Any CPU
		{27C6AB0A-4BC9-4A0E-8E96-0665D9A6148E}.Release|Any CPU.ActiveCfg = Release|Any CPU
		{27C6AB0A-4BC9-4A0E-8E96-0665D9A6148E}.Release|Any CPU.Build.0 = Release|Any CPU
		{27C6AB0A-4BC9-4A0E-8E96-0665D9A6148E}.Release|ARM.ActiveCfg = Release|Any CPU
		{27C6AB0A-4BC9-4A0E-8E96-0665D9A6148E}.Release|ARM.Build.0 = Release|Any CPU
		{27C6AB0A-4BC9-4A0E-8E96-0665D9A6148E}.Release|x64.ActiveCfg = Release|Any CPU
		{27C6AB0A-4BC9-4A0E-8E96-0665D9A6148E}.Release|x64.Build.0 = Release|Any CPU
		{27C6AB0A-4BC9-4A0E-8E96-0665D9A6148E}.Release|x86.ActiveCfg = Release|Any CPU
		{27C6AB0A-4BC9-4A0E-8E96-0665D9A6148E}.Release|x86.Build.0 = Release|Any CPU
		{457DC96E-30DE-45AA-BA48-4A71A93BCF2A}.Debug|Any CPU.ActiveCfg = Debug|Any CPU
		{457DC96E-30DE-45AA-BA48-4A71A93BCF2A}.Debug|Any CPU.Build.0 = Debug|Any CPU
		{457DC96E-30DE-45AA-BA48-4A71A93BCF2A}.Debug|ARM.ActiveCfg = Debug|Any CPU
		{457DC96E-30DE-45AA-BA48-4A71A93BCF2A}.Debug|ARM.Build.0 = Debug|Any CPU
		{457DC96E-30DE-45AA-BA48-4A71A93BCF2A}.Debug|x64.ActiveCfg = Debug|Any CPU
		{457DC96E-30DE-45AA-BA48-4A71A93BCF2A}.Debug|x64.Build.0 = Debug|Any CPU
		{457DC96E-30DE-45AA-BA48-4A71A93BCF2A}.Debug|x86.ActiveCfg = Debug|Any CPU
		{457DC96E-30DE-45AA-BA48-4A71A93BCF2A}.Debug|x86.Build.0 = Debug|Any CPU
		{457DC96E-30DE-45AA-BA48-4A71A93BCF2A}.Release|Any CPU.ActiveCfg = Release|Any CPU
		{457DC96E-30DE-45AA-BA48-4A71A93BCF2A}.Release|Any CPU.Build.0 = Release|Any CPU
		{457DC96E-30DE-45AA-BA48-4A71A93BCF2A}.Release|ARM.ActiveCfg = Release|Any CPU
		{457DC96E-30DE-45AA-BA48-4A71A93BCF2A}.Release|ARM.Build.0 = Release|Any CPU
		{457DC96E-30DE-45AA-BA48-4A71A93BCF2A}.Release|x64.ActiveCfg = Release|Any CPU
		{457DC96E-30DE-45AA-BA48-4A71A93BCF2A}.Release|x64.Build.0 = Release|Any CPU
		{457DC96E-30DE-45AA-BA48-4A71A93BCF2A}.Release|x86.ActiveCfg = Release|Any CPU
		{457DC96E-30DE-45AA-BA48-4A71A93BCF2A}.Release|x86.Build.0 = Release|Any CPU
<<<<<<< HEAD
<<<<<<< HEAD
>>>>>>> 01c80df... 6to Commit: Login creado
=======
>>>>>>> 48fe993... Commit 7: Registrar alumnos
=======
>>>>>>> 90e77cf... Commit #8: Registro de calificaciones y evidencias
	EndGlobalSection
	GlobalSection(SolutionProperties) = preSolution
		HideSolutionNode = FALSE
	EndGlobalSection
	GlobalSection(ExtensibilityGlobals) = postSolution
		SolutionGuid = {F5D17028-74C8-4EE0-AA47-79C0D34A2E75}
	EndGlobalSection
EndGlobal
