
Microsoft Visual Studio Solution File, Format Version 12.00
# Visual Studio 15
VisualStudioVersion = 15.0.27703.2042
MinimumVisualStudioVersion = 10.0.40219.1
Project("{FAE04EC0-301F-11D3-BF4B-00C04F79EFBC}") = "BibliotecaDeClases", "BibliotecaDeClases\BibliotecaDeClases.csproj", "{184D8618-B91C-4A3F-9ECF-CE772E42AD63}"
EndProject
Global
	GlobalSection(SolutionConfigurationPlatforms) = preSolution
		Debug|Any CPU = Debug|Any CPU
		Release|Any CPU = Release|Any CPU
	EndGlobalSection
	GlobalSection(ProjectConfigurationPlatforms) = postSolution
		{184D8618-B91C-4A3F-9ECF-CE772E42AD63}.Debug|Any CPU.ActiveCfg = Debug|Any CPU
		{184D8618-B91C-4A3F-9ECF-CE772E42AD63}.Debug|Any CPU.Build.0 = Debug|Any CPU
		{184D8618-B91C-4A3F-9ECF-CE772E42AD63}.Release|Any CPU.ActiveCfg = Release|Any CPU
		{184D8618-B91C-4A3F-9ECF-CE772E42AD63}.Release|Any CPU.Build.0 = Release|Any CPU
	EndGlobalSection
	GlobalSection(SolutionProperties) = preSolution
		HideSolutionNode = FALSE
	EndGlobalSection
	GlobalSection(ExtensibilityGlobals) = postSolution
		SolutionGuid = {C4302AE0-F970-4499-8093-FB23107B677C}
	EndGlobalSection
EndGlobal
